// !$*UTF8*$!
{
	archiveVersion = 1;
	classes = {
	};
	objectVersion = 50;
	objects = {

/* Begin PBXBuildFile section */
		A8278D8321340AF600ED2840 /* AppDelegate.swift in Sources */ = {isa = PBXBuildFile; fileRef = A8278D8221340AF600ED2840 /* AppDelegate.swift */; };
		A8278D8521340AF600ED2840 /* ViewController.swift in Sources */ = {isa = PBXBuildFile; fileRef = A8278D8421340AF600ED2840 /* ViewController.swift */; };
		A8278D8821340AF600ED2840 /* Main.storyboard in Resources */ = {isa = PBXBuildFile; fileRef = A8278D8621340AF600ED2840 /* Main.storyboard */; };
		A8278D8A21340AF700ED2840 /* Assets.xcassets in Resources */ = {isa = PBXBuildFile; fileRef = A8278D8921340AF700ED2840 /* Assets.xcassets */; };
		A8278D8D21340AF700ED2840 /* LaunchScreen.storyboard in Resources */ = {isa = PBXBuildFile; fileRef = A8278D8B21340AF700ED2840 /* LaunchScreen.storyboard */; };
		A8278D9821340AF700ED2840 /* FirebaseCarthageTest3Tests.swift in Sources */ = {isa = PBXBuildFile; fileRef = A8278D9721340AF700ED2840 /* FirebaseCarthageTest3Tests.swift */; };
		A8278DA321340AF700ED2840 /* FirebaseCarthageTest3UITests.swift in Sources */ = {isa = PBXBuildFile; fileRef = A8278DA221340AF700ED2840 /* FirebaseCarthageTest3UITests.swift */; };
/* End PBXBuildFile section */

/* Begin PBXContainerItemProxy section */
		A8278D9421340AF700ED2840 /* PBXContainerItemProxy */ = {
			isa = PBXContainerItemProxy;
			containerPortal = A8278D7721340AF600ED2840 /* Project object */;
			proxyType = 1;
			remoteGlobalIDString = A8278D7E21340AF600ED2840;
			remoteInfo = FirebaseCarthageTest3;
		};
		A8278D9F21340AF700ED2840 /* PBXContainerItemProxy */ = {
			isa = PBXContainerItemProxy;
			containerPortal = A8278D7721340AF600ED2840 /* Project object */;
			proxyType = 1;
			remoteGlobalIDString = A8278D7E21340AF600ED2840;
			remoteInfo = FirebaseCarthageTest3;
		};
/* End PBXContainerItemProxy section */

/* Begin PBXFileReference section */
		A8278D7F21340AF600ED2840 /* FirebaseCarthageTest3.app */ = {isa = PBXFileReference; explicitFileType = wrapper.application; includeInIndex = 0; path = FirebaseCarthageTest3.app; sourceTree = BUILT_PRODUCTS_DIR; };
		A8278D8221340AF600ED2840 /* AppDelegate.swift */ = {isa = PBXFileReference; lastKnownFileType = sourcecode.swift; path = AppDelegate.swift; sourceTree = "<group>"; };
		A8278D8421340AF600ED2840 /* ViewController.swift */ = {isa = PBXFileReference; lastKnownFileType = sourcecode.swift; path = ViewController.swift; sourceTree = "<group>"; };
		A8278D8721340AF600ED2840 /* Base */ = {isa = PBXFileReference; lastKnownFileType = file.storyboard; name = Base; path = Base.lproj/Main.storyboard; sourceTree = "<group>"; };
		A8278D8921340AF700ED2840 /* Assets.xcassets */ = {isa = PBXFileReference; lastKnownFileType = folder.assetcatalog; path = Assets.xcassets; sourceTree = "<group>"; };
		A8278D8C21340AF700ED2840 /* Base */ = {isa = PBXFileReference; lastKnownFileType = file.storyboard; name = Base; path = Base.lproj/LaunchScreen.storyboard; sourceTree = "<group>"; };
		A8278D8E21340AF700ED2840 /* Info.plist */ = {isa = PBXFileReference; lastKnownFileType = text.plist.xml; path = Info.plist; sourceTree = "<group>"; };
		A8278D9321340AF700ED2840 /* FirebaseCarthageTest3Tests.xctest */ = {isa = PBXFileReference; explicitFileType = wrapper.cfbundle; includeInIndex = 0; path = FirebaseCarthageTest3Tests.xctest; sourceTree = BUILT_PRODUCTS_DIR; };
		A8278D9721340AF700ED2840 /* FirebaseCarthageTest3Tests.swift */ = {isa = PBXFileReference; lastKnownFileType = sourcecode.swift; path = FirebaseCarthageTest3Tests.swift; sourceTree = "<group>"; };
		A8278D9921340AF700ED2840 /* Info.plist */ = {isa = PBXFileReference; lastKnownFileType = text.plist.xml; path = Info.plist; sourceTree = "<group>"; };
		A8278D9E21340AF700ED2840 /* FirebaseCarthageTest3UITests.xctest */ = {isa = PBXFileReference; explicitFileType = wrapper.cfbundle; includeInIndex = 0; path = FirebaseCarthageTest3UITests.xctest; sourceTree = BUILT_PRODUCTS_DIR; };
		A8278DA221340AF700ED2840 /* FirebaseCarthageTest3UITests.swift */ = {isa = PBXFileReference; lastKnownFileType = sourcecode.swift; path = FirebaseCarthageTest3UITests.swift; sourceTree = "<group>"; };
		A8278DA421340AF700ED2840 /* Info.plist */ = {isa = PBXFileReference; lastKnownFileType = text.plist.xml; path = Info.plist; sourceTree = "<group>"; };
/* End PBXFileReference section */

/* Begin PBXFrameworksBuildPhase section */
		A8278D7C21340AF600ED2840 /* Frameworks */ = {
			isa = PBXFrameworksBuildPhase;
			buildActionMask = 2147483647;
			files = (
			);
			runOnlyForDeploymentPostprocessing = 0;
		};
		A8278D9021340AF700ED2840 /* Frameworks */ = {
			isa = PBXFrameworksBuildPhase;
			buildActionMask = 2147483647;
			files = (
			);
			runOnlyForDeploymentPostprocessing = 0;
		};
		A8278D9B21340AF700ED2840 /* Frameworks */ = {
			isa = PBXFrameworksBuildPhase;
			buildActionMask = 2147483647;
			files = (
			);
			runOnlyForDeploymentPostprocessing = 0;
		};
/* End PBXFrameworksBuildPhase section */

/* Begin PBXGroup section */
		A8278D7621340AF600ED2840 = {
			isa = PBXGroup;
			children = (
				A8278D8121340AF600ED2840 /* FirebaseCarthageTest3 */,
				A8278D9621340AF700ED2840 /* FirebaseCarthageTest3Tests */,
				A8278DA121340AF700ED2840 /* FirebaseCarthageTest3UITests */,
				A8278D8021340AF600ED2840 /* Products */,
			);
			sourceTree = "<group>";
		};
		A8278D8021340AF600ED2840 /* Products */ = {
			isa = PBXGroup;
			children = (
				A8278D7F21340AF600ED2840 /* FirebaseCarthageTest3.app */,
				A8278D9321340AF700ED2840 /* FirebaseCarthageTest3Tests.xctest */,
				A8278D9E21340AF700ED2840 /* FirebaseCarthageTest3UITests.xctest */,
			);
			name = Products;
			sourceTree = "<group>";
		};
		A8278D8121340AF600ED2840 /* FirebaseCarthageTest3 */ = {
			isa = PBXGroup;
			children = (
				A8278D8221340AF600ED2840 /* AppDelegate.swift */,
				A8278D8421340AF600ED2840 /* ViewController.swift */,
				A8278D8621340AF600ED2840 /* Main.storyboard */,
				A8278D8921340AF700ED2840 /* Assets.xcassets */,
				A8278D8B21340AF700ED2840 /* LaunchScreen.storyboard */,
				A8278D8E21340AF700ED2840 /* Info.plist */,
			);
			path = FirebaseCarthageTest3;
			sourceTree = "<group>";
		};
		A8278D9621340AF700ED2840 /* FirebaseCarthageTest3Tests */ = {
			isa = PBXGroup;
			children = (
				A8278D9721340AF700ED2840 /* FirebaseCarthageTest3Tests.swift */,
				A8278D9921340AF700ED2840 /* Info.plist */,
			);
			path = FirebaseCarthageTest3Tests;
			sourceTree = "<group>";
		};
		A8278DA121340AF700ED2840 /* FirebaseCarthageTest3UITests */ = {
			isa = PBXGroup;
			children = (
				A8278DA221340AF700ED2840 /* FirebaseCarthageTest3UITests.swift */,
				A8278DA421340AF700ED2840 /* Info.plist */,
			);
			path = FirebaseCarthageTest3UITests;
			sourceTree = "<group>";
		};
/* End PBXGroup section */

/* Begin PBXNativeTarget section */
		A8278D7E21340AF600ED2840 /* FirebaseCarthageTest3 */ = {
			isa = PBXNativeTarget;
			buildConfigurationList = A8278DA721340AF700ED2840 /* Build configuration list for PBXNativeTarget "FirebaseCarthageTest3" */;
			buildPhases = (
				A8278D7B21340AF600ED2840 /* Sources */,
				A8278D7C21340AF600ED2840 /* Frameworks */,
				A8278D7D21340AF600ED2840 /* Resources */,
			);
			buildRules = (
			);
			dependencies = (
			);
			name = FirebaseCarthageTest3;
			productName = FirebaseCarthageTest3;
			productReference = A8278D7F21340AF600ED2840 /* FirebaseCarthageTest3.app */;
			productType = "com.apple.product-type.application";
		};
		A8278D9221340AF700ED2840 /* FirebaseCarthageTest3Tests */ = {
			isa = PBXNativeTarget;
			buildConfigurationList = A8278DAA21340AF700ED2840 /* Build configuration list for PBXNativeTarget "FirebaseCarthageTest3Tests" */;
			buildPhases = (
				A8278D8F21340AF700ED2840 /* Sources */,
				A8278D9021340AF700ED2840 /* Frameworks */,
				A8278D9121340AF700ED2840 /* Resources */,
			);
			buildRules = (
			);
			dependencies = (
				A8278D9521340AF700ED2840 /* PBXTargetDependency */,
			);
			name = FirebaseCarthageTest3Tests;
			productName = FirebaseCarthageTest3Tests;
			productReference = A8278D9321340AF700ED2840 /* FirebaseCarthageTest3Tests.xctest */;
			productType = "com.apple.product-type.bundle.unit-test";
		};
		A8278D9D21340AF700ED2840 /* FirebaseCarthageTest3UITests */ = {
			isa = PBXNativeTarget;
			buildConfigurationList = A8278DAD21340AF700ED2840 /* Build configuration list for PBXNativeTarget "FirebaseCarthageTest3UITests" */;
			buildPhases = (
				A8278D9A21340AF700ED2840 /* Sources */,
				A8278D9B21340AF700ED2840 /* Frameworks */,
				A8278D9C21340AF700ED2840 /* Resources */,
			);
			buildRules = (
			);
			dependencies = (
				A8278DA021340AF700ED2840 /* PBXTargetDependency */,
			);
			name = FirebaseCarthageTest3UITests;
			productName = FirebaseCarthageTest3UITests;
			productReference = A8278D9E21340AF700ED2840 /* FirebaseCarthageTest3UITests.xctest */;
			productType = "com.apple.product-type.bundle.ui-testing";
		};
/* End PBXNativeTarget section */

/* Begin PBXProject section */
		A8278D7721340AF600ED2840 /* Project object */ = {
			isa = PBXProject;
			attributes = {
				LastSwiftUpdateCheck = 0940;
				LastUpgradeCheck = 0940;
				ORGANIZATIONNAME = "Nicolai Harbo";
				TargetAttributes = {
					A8278D7E21340AF600ED2840 = {
						CreatedOnToolsVersion = 9.4.1;
					};
					A8278D9221340AF700ED2840 = {
						CreatedOnToolsVersion = 9.4.1;
						TestTargetID = A8278D7E21340AF600ED2840;
					};
					A8278D9D21340AF700ED2840 = {
						CreatedOnToolsVersion = 9.4.1;
						TestTargetID = A8278D7E21340AF600ED2840;
					};
				};
			};
			buildConfigurationList = A8278D7A21340AF600ED2840 /* Build configuration list for PBXProject "FirebaseCarthageTest3" */;
			compatibilityVersion = "Xcode 9.3";
			developmentRegion = en;
			hasScannedForEncodings = 0;
			knownRegions = (
				en,
				Base,
			);
			mainGroup = A8278D7621340AF600ED2840;
			productRefGroup = A8278D8021340AF600ED2840 /* Products */;
			projectDirPath = "";
			projectRoot = "";
			targets = (
				A8278D7E21340AF600ED2840 /* FirebaseCarthageTest3 */,
				A8278D9221340AF700ED2840 /* FirebaseCarthageTest3Tests */,
				A8278D9D21340AF700ED2840 /* FirebaseCarthageTest3UITests */,
			);
		};
/* End PBXProject section */

/* Begin PBXResourcesBuildPhase section */
		A8278D7D21340AF600ED2840 /* Resources */ = {
			isa = PBXResourcesBuildPhase;
			buildActionMask = 2147483647;
			files = (
				A8278D8D21340AF700ED2840 /* LaunchScreen.storyboard in Resources */,
				A8278D8A21340AF700ED2840 /* Assets.xcassets in Resources */,
				A8278D8821340AF600ED2840 /* Main.storyboard in Resources */,
			);
			runOnlyForDeploymentPostprocessing = 0;
		};
		A8278D9121340AF700ED2840 /* Resources */ = {
			isa = PBXResourcesBuildPhase;
			buildActionMask = 2147483647;
			files = (
			);
			runOnlyForDeploymentPostprocessing = 0;
		};
		A8278D9C21340AF700ED2840 /* Resources */ = {
			isa = PBXResourcesBuildPhase;
			buildActionMask = 2147483647;
			files = (
			);
			runOnlyForDeploymentPostprocessing = 0;
		};
/* End PBXResourcesBuildPhase section */

/* Begin PBXSourcesBuildPhase section */
		A8278D7B21340AF600ED2840 /* Sources */ = {
			isa = PBXSourcesBuildPhase;
			buildActionMask = 2147483647;
			files = (
				A8278D8521340AF600ED2840 /* ViewController.swift in Sources */,
				A8278D8321340AF600ED2840 /* AppDelegate.swift in Sources */,
			);
			runOnlyForDeploymentPostprocessing = 0;
		};
		A8278D8F21340AF700ED2840 /* Sources */ = {
			isa = PBXSourcesBuildPhase;
			buildActionMask = 2147483647;
			files = (
				A8278D9821340AF700ED2840 /* FirebaseCarthageTest3Tests.swift in Sources */,
			);
			runOnlyForDeploymentPostprocessing = 0;
		};
		A8278D9A21340AF700ED2840 /* Sources */ = {
			isa = PBXSourcesBuildPhase;
			buildActionMask = 2147483647;
			files = (
				A8278DA321340AF700ED2840 /* FirebaseCarthageTest3UITests.swift in Sources */,
			);
			runOnlyForDeploymentPostprocessing = 0;
		};
/* End PBXSourcesBuildPhase section */

/* Begin PBXTargetDependency section */
		A8278D9521340AF700ED2840 /* PBXTargetDependency */ = {
			isa = PBXTargetDependency;
			target = A8278D7E21340AF600ED2840 /* FirebaseCarthageTest3 */;
			targetProxy = A8278D9421340AF700ED2840 /* PBXContainerItemProxy */;
		};
		A8278DA021340AF700ED2840 /* PBXTargetDependency */ = {
			isa = PBXTargetDependency;
			target = A8278D7E21340AF600ED2840 /* FirebaseCarthageTest3 */;
			targetProxy = A8278D9F21340AF700ED2840 /* PBXContainerItemProxy */;
		};
/* End PBXTargetDependency section */

/* Begin PBXVariantGroup section */
		A8278D8621340AF600ED2840 /* Main.storyboard */ = {
			isa = PBXVariantGroup;
			children = (
				A8278D8721340AF600ED2840 /* Base */,
			);
			name = Main.storyboard;
			sourceTree = "<group>";
		};
		A8278D8B21340AF700ED2840 /* LaunchScreen.storyboard */ = {
			isa = PBXVariantGroup;
			children = (
				A8278D8C21340AF700ED2840 /* Base */,
			);
			name = LaunchScreen.storyboard;
			sourceTree = "<group>";
		};
/* End PBXVariantGroup section */

/* Begin XCBuildConfiguration section */
		A8278DA521340AF700ED2840 /* Debug */ = {
			isa = XCBuildConfiguration;
			buildSettings = {
				ALWAYS_SEARCH_USER_PATHS = NO;
				CLANG_ANALYZER_NONNULL = YES;
				CLANG_ANALYZER_NUMBER_OBJECT_CONVERSION = YES_AGGRESSIVE;
				CLANG_CXX_LANGUAGE_STANDARD = "gnu++14";
				CLANG_CXX_LIBRARY = "libc++";
				CLANG_ENABLE_MODULES = YES;
				CLANG_ENABLE_OBJC_ARC = YES;
				CLANG_ENABLE_OBJC_WEAK = YES;
				CLANG_WARN_BLOCK_CAPTURE_AUTORELEASING = YES;
				CLANG_WARN_BOOL_CONVERSION = YES;
				CLANG_WARN_COMMA = YES;
				CLANG_WARN_CONSTANT_CONVERSION = YES;
				CLANG_WARN_DEPRECATED_OBJC_IMPLEMENTATIONS = YES;
				CLANG_WARN_DIRECT_OBJC_ISA_USAGE = YES_ERROR;
				CLANG_WARN_DOCUMENTATION_COMMENTS = YES;
				CLANG_WARN_EMPTY_BODY = YES;
				CLANG_WARN_ENUM_CONVERSION = YES;
				CLANG_WARN_INFINITE_RECURSION = YES;
				CLANG_WARN_INT_CONVERSION = YES;
				CLANG_WARN_NON_LITERAL_NULL_CONVERSION = YES;
				CLANG_WARN_OBJC_IMPLICIT_RETAIN_SELF = YES;
				CLANG_WARN_OBJC_LITERAL_CONVERSION = YES;
				CLANG_WARN_OBJC_ROOT_CLASS = YES_ERROR;
				CLANG_WARN_RANGE_LOOP_ANALYSIS = YES;
				CLANG_WARN_STRICT_PROTOTYPES = YES;
				CLANG_WARN_SUSPICIOUS_MOVE = YES;
				CLANG_WARN_UNGUARDED_AVAILABILITY = YES_AGGRESSIVE;
				CLANG_WARN_UNREACHABLE_CODE = YES;
				CLANG_WARN__DUPLICATE_METHOD_MATCH = YES;
				CODE_SIGN_IDENTITY = "iPhone Developer";
				COPY_PHASE_STRIP = NO;
				DEBUG_INFORMATION_FORMAT = dwarf;
				ENABLE_STRICT_OBJC_MSGSEND = YES;
				ENABLE_TESTABILITY = YES;
				GCC_C_LANGUAGE_STANDARD = gnu11;
				GCC_DYNAMIC_NO_PIC = NO;
				GCC_NO_COMMON_BLOCKS = YES;
				GCC_OPTIMIZATION_LEVEL = 0;
				GCC_PREPROCESSOR_DEFINITIONS = (
					"DEBUG=1",
					"$(inherited)",
				);
				GCC_WARN_64_TO_32_BIT_CONVERSION = YES;
				GCC_WARN_ABOUT_RETURN_TYPE = YES_ERROR;
				GCC_WARN_UNDECLARED_SELECTOR = YES;
				GCC_WARN_UNINITIALIZED_AUTOS = YES_AGGRESSIVE;
				GCC_WARN_UNUSED_FUNCTION = YES;
				GCC_WARN_UNUSED_VARIABLE = YES;
				IPHONEOS_DEPLOYMENT_TARGET = 11.4;
				MTL_ENABLE_DEBUG_INFO = YES;
				ONLY_ACTIVE_ARCH = YES;
				SDKROOT = iphoneos;
				SWIFT_ACTIVE_COMPILATION_CONDITIONS = DEBUG;
				SWIFT_OPTIMIZATION_LEVEL = "-Onone";
			};
			name = Debug;
		};
		A8278DA621340AF700ED2840 /* Release */ = {
			isa = XCBuildConfiguration;
			buildSettings = {
				ALWAYS_SEARCH_USER_PATHS = NO;
				CLANG_ANALYZER_NONNULL = YES;
				CLANG_ANALYZER_NUMBER_OBJECT_CONVERSION = YES_AGGRESSIVE;
				CLANG_CXX_LANGUAGE_STANDARD = "gnu++14";
				CLANG_CXX_LIBRARY = "libc++";
				CLANG_ENABLE_MODULES = YES;
				CLANG_ENABLE_OBJC_ARC = YES;
				CLANG_ENABLE_OBJC_WEAK = YES;
				CLANG_WARN_BLOCK_CAPTURE_AUTORELEASING = YES;
				CLANG_WARN_BOOL_CONVERSION = YES;
				CLANG_WARN_COMMA = YES;
				CLANG_WARN_CONSTANT_CONVERSION = YES;
				CLANG_WARN_DEPRECATED_OBJC_IMPLEMENTATIONS = YES;
				CLANG_WARN_DIRECT_OBJC_ISA_USAGE = YES_ERROR;
				CLANG_WARN_DOCUMENTATION_COMMENTS = YES;
				CLANG_WARN_EMPTY_BODY = YES;
				CLANG_WARN_ENUM_CONVERSION = YES;
				CLANG_WARN_INFINITE_RECURSION = YES;
				CLANG_WARN_INT_CONVERSION = YES;
				CLANG_WARN_NON_LITERAL_NULL_CONVERSION = YES;
				CLANG_WARN_OBJC_IMPLICIT_RETAIN_SELF = YES;
				CLANG_WARN_OBJC_LITERAL_CONVERSION = YES;
				CLANG_WARN_OBJC_ROOT_CLASS = YES_ERROR;
				CLANG_WARN_RANGE_LOOP_ANALYSIS = YES;
				CLANG_WARN_STRICT_PROTOTYPES = YES;
				CLANG_WARN_SUSPICIOUS_MOVE = YES;
				CLANG_WARN_UNGUARDED_AVAILABILITY = YES_AGGRESSIVE;
				CLANG_WARN_UNREACHABLE_CODE = YES;
				CLANG_WARN__DUPLICATE_METHOD_MATCH = YES;
				CODE_SIGN_IDENTITY = "iPhone Developer";
				COPY_PHASE_STRIP = NO;
				DEBUG_INFORMATION_FORMAT = "dwarf-with-dsym";
				ENABLE_NS_ASSERTIONS = NO;
				ENABLE_STRICT_OBJC_MSGSEND = YES;
				GCC_C_LANGUAGE_STANDARD = gnu11;
				GCC_NO_COMMON_BLOCKS = YES;
				GCC_WARN_64_TO_32_BIT_CONVERSION = YES;
				GCC_WARN_ABOUT_RETURN_TYPE = YES_ERROR;
				GCC_WARN_UNDECLARED_SELECTOR = YES;
				GCC_WARN_UNINITIALIZED_AUTOS = YES_AGGRESSIVE;
				GCC_WARN_UNUSED_FUNCTION = YES;
				GCC_WARN_UNUSED_VARIABLE = YES;
				IPHONEOS_DEPLOYMENT_TARGET = 11.4;
				MTL_ENABLE_DEBUG_INFO = NO;
				SDKROOT = iphoneos;
				SWIFT_COMPILATION_MODE = wholemodule;
				SWIFT_OPTIMIZATION_LEVEL = "-O";
				VALIDATE_PRODUCT = YES;
			};
			name = Release;
		};
		A8278DA821340AF700ED2840 /* Debug */ = {
			isa = XCBuildConfiguration;
			buildSettings = {
				ASSETCATALOG_COMPILER_APPICON_NAME = AppIcon;
				CODE_SIGN_STYLE = Automatic;
				INFOPLIST_FILE = FirebaseCarthageTest3/Info.plist;
				LD_RUNPATH_SEARCH_PATHS = (
					"$(inherited)",
					"@executable_path/Frameworks",
				);
				PRODUCT_BUNDLE_IDENTIFIER = nico.FirebaseCarthageTest3;
				PRODUCT_NAME = "$(TARGET_NAME)";
				SWIFT_VERSION = 4.0;
				TARGETED_DEVICE_FAMILY = "1,2";
			};
			name = Debug;
		};
		A8278DA921340AF700ED2840 /* Release */ = {
			isa = XCBuildConfiguration;
			buildSettings = {
				ASSETCATALOG_COMPILER_APPICON_NAME = AppIcon;
				CODE_SIGN_STYLE = Automatic;
				INFOPLIST_FILE = FirebaseCarthageTest3/Info.plist;
				LD_RUNPATH_SEARCH_PATHS = (
					"$(inherited)",
					"@executable_path/Frameworks",
				);
				PRODUCT_BUNDLE_IDENTIFIER = nico.FirebaseCarthageTest3;
				PRODUCT_NAME = "$(TARGET_NAME)";
				SWIFT_VERSION = 4.0;
				TARGETED_DEVICE_FAMILY = "1,2";
			};
			name = Release;
		};
		A8278DAB21340AF700ED2840 /* Debug */ = {
			isa = XCBuildConfiguration;
			buildSettings = {
				ALWAYS_EMBED_SWIFT_STANDARD_LIBRARIES = YES;
				BUNDLE_LOADER = "$(TEST_HOST)";
				CODE_SIGN_STYLE = Automatic;
				INFOPLIST_FILE = FirebaseCarthageTest3Tests/Info.plist;
				LD_RUNPATH_SEARCH_PATHS = (
					"$(inherited)",
					"@executable_path/Frameworks",
					"@loader_path/Frameworks",
				);
				PRODUCT_BUNDLE_IDENTIFIER = nico.FirebaseCarthageTest3Tests;
				PRODUCT_NAME = "$(TARGET_NAME)";
				SWIFT_VERSION = 4.0;
				TARGETED_DEVICE_FAMILY = "1,2";
				TEST_HOST = "$(BUILT_PRODUCTS_DIR)/FirebaseCarthageTest3.app/FirebaseCarthageTest3";
			};
			name = Debug;
		};
		A8278DAC21340AF700ED2840 /* Release */ = {
			isa = XCBuildConfiguration;
			buildSettings = {
				ALWAYS_EMBED_SWIFT_STANDARD_LIBRARIES = YES;
				BUNDLE_LOADER = "$(TEST_HOST)";
				CODE_SIGN_STYLE = Automatic;
				INFOPLIST_FILE = FirebaseCarthageTest3Tests/Info.plist;
				LD_RUNPATH_SEARCH_PATHS = (
					"$(inherited)",
					"@executable_path/Frameworks",
					"@loader_path/Frameworks",
				);
				PRODUCT_BUNDLE_IDENTIFIER = nico.FirebaseCarthageTest3Tests;
				PRODUCT_NAME = "$(TARGET_NAME)";
				SWIFT_VERSION = 4.0;
				TARGETED_DEVICE_FAMILY = "1,2";
				TEST_HOST = "$(BUILT_PRODUCTS_DIR)/FirebaseCarthageTest3.app/FirebaseCarthageTest3";
			};
			name = Release;
		};
		A8278DAE21340AF700ED2840 /* Debug */ = {
			isa = XCBuildConfiguration;
			buildSettings = {
				ALWAYS_EMBED_SWIFT_STANDARD_LIBRARIES = YES;
				CODE_SIGN_STYLE = Automatic;
				INFOPLIST_FILE = FirebaseCarthageTest3UITests/Info.plist;
				LD_RUNPATH_SEARCH_PATHS = (
					"$(inherited)",
					"@executable_path/Frameworks",
					"@loader_path/Frameworks",
				);
				PRODUCT_BUNDLE_IDENTIFIER = nico.FirebaseCarthageTest3UITests;
				PRODUCT_NAME = "$(TARGET_NAME)";
				SWIFT_VERSION = 4.0;
				TARGETED_DEVICE_FAMILY = "1,2";
				TEST_TARGET_NAME = FirebaseCarthageTest3;
			};
			name = Debug;
		};
		A8278DAF21340AF700ED2840 /* Release */ = {
			isa = XCBuildConfiguration;
			buildSettings = {
				ALWAYS_EMBED_SWIFT_STANDARD_LIBRARIES = YES;
				CODE_SIGN_STYLE = Automatic;
				INFOPLIST_FILE = FirebaseCarthageTest3UITests/Info.plist;
				LD_RUNPATH_SEARCH_PATHS = (
					"$(inherited)",
					"@executable_path/Frameworks",
					"@loader_path/Frameworks",
				);
				PRODUCT_BUNDLE_IDENTIFIER = nico.FirebaseCarthageTest3UITests;
				PRODUCT_NAME = "$(TARGET_NAME)";
				SWIFT_VERSION = 4.0;
				TARGETED_DEVICE_FAMILY = "1,2";
				TEST_TARGET_NAME = FirebaseCarthageTest3;
			};
			name = Release;
		};
/* End XCBuildConfiguration section */

/* Begin XCConfigurationList section */
		A8278D7A21340AF600ED2840 /* Build configuration list for PBXProject "FirebaseCarthageTest3" */ = {
			isa = XCConfigurationList;
			buildConfigurations = (
				A8278DA521340AF700ED2840 /* Debug */,
				A8278DA621340AF700ED2840 /* Release */,
			);
			defaultConfigurationIsVisible = 0;
			defaultConfigurationName = Release;
		};
		A8278DA721340AF700ED2840 /* Build configuration list for PBXNativeTarget "FirebaseCarthageTest3" */ = {
			isa = XCConfigurationList;
			buildConfigurations = (
				A8278DA821340AF700ED2840 /* Debug */,
				A8278DA921340AF700ED2840 /* Release */,
			);
			defaultConfigurationIsVisible = 0;
			defaultConfigurationName = Release;
		};
		A8278DAA21340AF700ED2840 /* Build configuration list for PBXNativeTarget "FirebaseCarthageTest3Tests" */ = {
			isa = XCConfigurationList;
			buildConfigurations = (
				A8278DAB21340AF700ED2840 /* Debug */,
				A8278DAC21340AF700ED2840 /* Release */,
			);
			defaultConfigurationIsVisible = 0;
			defaultConfigurationName = Release;
		};
		A8278DAD21340AF700ED2840 /* Build configuration list for PBXNativeTarget "FirebaseCarthageTest3UITests" */ = {
			isa = XCConfigurationList;
			buildConfigurations = (
				A8278DAE21340AF700ED2840 /* Debug */,
				A8278DAF21340AF700ED2840 /* Release */,
			);
			defaultConfigurationIsVisible = 0;
			defaultConfigurationName = Release;
		};
/* End XCConfigurationList section */
	};
	rootObject = A8278D7721340AF600ED2840 /* Project object */;
}
